
Microsoft Visual Studio Solution File, Format Version 12.00
# Visual Studio Version 17
VisualStudioVersion = 17.6.33829.357
MinimumVisualStudioVersion = 10.0.40219.1
Project("{FAE04EC0-301F-11D3-BF4B-00C04F79EFBC}") = "taller_final_cruds", "taller_final_cruds.csproj", "{D6EF9427-4F0B-4539-AB6D-31A8582D7486}"
EndProject
Global
	GlobalSection(SolutionConfigurationPlatforms) = preSolution
		Debug|Any CPU = Debug|Any CPU
		Release|Any CPU = Release|Any CPU
	EndGlobalSection
	GlobalSection(ProjectConfigurationPlatforms) = postSolution
		{D6EF9427-4F0B-4539-AB6D-31A8582D7486}.Debug|Any CPU.ActiveCfg = Debug|Any CPU
		{D6EF9427-4F0B-4539-AB6D-31A8582D7486}.Debug|Any CPU.Build.0 = Debug|Any CPU
		{D6EF9427-4F0B-4539-AB6D-31A8582D7486}.Release|Any CPU.ActiveCfg = Release|Any CPU
		{D6EF9427-4F0B-4539-AB6D-31A8582D7486}.Release|Any CPU.Build.0 = Release|Any CPU
	EndGlobalSection
	GlobalSection(SolutionProperties) = preSolution
		HideSolutionNode = FALSE
	EndGlobalSection
	GlobalSection(ExtensibilityGlobals) = postSolution
		SolutionGuid = {22792D91-66FC-4164-8B7E-69333AB33A98}
	EndGlobalSection
EndGlobal
